
Microsoft Visual Studio Solution File, Format Version 12.00
# Visual Studio Version 16
VisualStudioVersion = 16.0.29102.190
MinimumVisualStudioVersion = 10.0.40219.1
Project("{FAE04EC0-301F-11D3-BF4B-00C04F79EFBC}") = "Eli modul (VK api)", "Eli modul (VK api)\Eli modul (VK api).csproj", "{D5876855-A7C0-4073-9F74-4977C88F9759}"
EndProject
Global
	GlobalSection(SolutionConfigurationPlatforms) = preSolution
		Debug|Any CPU = Debug|Any CPU
		Release|Any CPU = Release|Any CPU
	EndGlobalSection
	GlobalSection(ProjectConfigurationPlatforms) = postSolution
		{D5876855-A7C0-4073-9F74-4977C88F9759}.Debug|Any CPU.ActiveCfg = Debug|Any CPU
		{D5876855-A7C0-4073-9F74-4977C88F9759}.Debug|Any CPU.Build.0 = Debug|Any CPU
		{D5876855-A7C0-4073-9F74-4977C88F9759}.Release|Any CPU.ActiveCfg = Release|Any CPU
		{D5876855-A7C0-4073-9F74-4977C88F9759}.Release|Any CPU.Build.0 = Release|Any CPU
	EndGlobalSection
	GlobalSection(SolutionProperties) = preSolution
		HideSolutionNode = FALSE
	EndGlobalSection
	GlobalSection(ExtensibilityGlobals) = postSolution
		SolutionGuid = {F6F515B4-D512-47D3-8D78-50D7D0072AE1}
	EndGlobalSection
EndGlobal
